
Microsoft Visual Studio Solution File, Format Version 12.00
# Visual Studio Version 17
VisualStudioVersion = 17.14.36811.4 d17.14
MinimumVisualStudioVersion = 10.0.40219.1
Project("{FAE04EC0-301F-11D3-BF4B-00C04F79EFBC}") = "OtlpTester", "OtlpTester\OtlpTester.csproj", "{46A9D25C-C3C0-22B5-2E51-AC0BFE0A287E}"
EndProject
Global
	GlobalSection(SolutionConfigurationPlatforms) = preSolution
		Debug|Any CPU = Debug|Any CPU
		Release|Any CPU = Release|Any CPU
	EndGlobalSection
	GlobalSection(ProjectConfigurationPlatforms) = postSolution
		{46A9D25C-C3C0-22B5-2E51-AC0BFE0A287E}.Debug|Any CPU.ActiveCfg = Debug|Any CPU
		{46A9D25C-C3C0-22B5-2E51-AC0BFE0A287E}.Debug|Any CPU.Build.0 = Debug|Any CPU
		{46A9D25C-C3C0-22B5-2E51-AC0BFE0A287E}.Release|Any CPU.ActiveCfg = Release|Any CPU
		{46A9D25C-C3C0-22B5-2E51-AC0BFE0A287E}.Release|Any CPU.Build.0 = Release|Any CPU
	EndGlobalSection
	GlobalSection(SolutionProperties) = preSolution
		HideSolutionNode = FALSE
	EndGlobalSection
	GlobalSection(ExtensibilityGlobals) = postSolution
		SolutionGuid = {36C3DA63-516C-451E-8062-8446B7449A67}
	EndGlobalSection
EndGlobal
